
Microsoft Visual Studio Solution File, Format Version 12.00
# Visual Studio Version 16
VisualStudioVersion = 16.0.29926.136
MinimumVisualStudioVersion = 10.0.40219.1
Project("{FAE04EC0-301F-11D3-BF4B-00C04F79EFBC}") = "ShoppingCartApp", "ShoppingCartApp.csproj", "{A9BF4360-17A9-4926-96BD-F59FB55F8184}"
EndProject
Global
	GlobalSection(SolutionConfigurationPlatforms) = preSolution
		Debug|Any CPU = Debug|Any CPU
		Release|Any CPU = Release|Any CPU
	EndGlobalSection
	GlobalSection(ProjectConfigurationPlatforms) = postSolution
		{A9BF4360-17A9-4926-96BD-F59FB55F8184}.Debug|Any CPU.ActiveCfg = Debug|Any CPU
		{A9BF4360-17A9-4926-96BD-F59FB55F8184}.Debug|Any CPU.Build.0 = Debug|Any CPU
		{A9BF4360-17A9-4926-96BD-F59FB55F8184}.Release|Any CPU.ActiveCfg = Release|Any CPU
		{A9BF4360-17A9-4926-96BD-F59FB55F8184}.Release|Any CPU.Build.0 = Release|Any CPU
	EndGlobalSection
	GlobalSection(SolutionProperties) = preSolution
		HideSolutionNode = FALSE
	EndGlobalSection
	GlobalSection(ExtensibilityGlobals) = postSolution
		SolutionGuid = {0D66B8FA-43E5-46F6-A3FD-FFF5CABA4E21}
	EndGlobalSection
EndGlobal
